
Microsoft Visual Studio Solution File, Format Version 12.00
# Visual Studio Version 16
VisualStudioVersion = 16.0.31205.134
MinimumVisualStudioVersion = 10.0.40219.1
Project("{FAE04EC0-301F-11D3-BF4B-00C04F79EFBC}") = "EventAppInterfaceWithDI", "EventAppInterfaceWithDI.csproj", "{4A82E7C0-C9B9-4A3A-9172-355E846190CE}"
EndProject
Global
	GlobalSection(SolutionConfigurationPlatforms) = preSolution
		Debug|Any CPU = Debug|Any CPU
		Release|Any CPU = Release|Any CPU
	EndGlobalSection
	GlobalSection(ProjectConfigurationPlatforms) = postSolution
		{4A82E7C0-C9B9-4A3A-9172-355E846190CE}.Debug|Any CPU.ActiveCfg = Debug|Any CPU
		{4A82E7C0-C9B9-4A3A-9172-355E846190CE}.Debug|Any CPU.Build.0 = Debug|Any CPU
		{4A82E7C0-C9B9-4A3A-9172-355E846190CE}.Release|Any CPU.ActiveCfg = Release|Any CPU
		{4A82E7C0-C9B9-4A3A-9172-355E846190CE}.Release|Any CPU.Build.0 = Release|Any CPU
	EndGlobalSection
	GlobalSection(SolutionProperties) = preSolution
		HideSolutionNode = FALSE
	EndGlobalSection
	GlobalSection(ExtensibilityGlobals) = postSolution
		SolutionGuid = {C921A770-F2DE-41EE-AB85-33F4B1D79DAA}
	EndGlobalSection
EndGlobal
